// !$*UTF8*$!
{
	archiveVersion = 1;
	classes = {
	};
	objectVersion = 50;
	objects = {

/* Begin PBXBuildFile section */
		0324F74825CF671E0029943C /* AppDelegate.swift in Sources */ = {isa = PBXBuildFile; fileRef = 0324F74725CF671E0029943C /* AppDelegate.swift */; };
		0324F74A25CF671E0029943C /* SceneDelegate.swift in Sources */ = {isa = PBXBuildFile; fileRef = 0324F74925CF671E0029943C /* SceneDelegate.swift */; };
		0324F74F25CF671E0029943C /* Main.storyboard in Resources */ = {isa = PBXBuildFile; fileRef = 0324F74D25CF671E0029943C /* Main.storyboard */; };
		0324F75125CF67210029943C /* Assets.xcassets in Resources */ = {isa = PBXBuildFile; fileRef = 0324F75025CF67210029943C /* Assets.xcassets */; };
		0324F75425CF67210029943C /* LaunchScreen.storyboard in Resources */ = {isa = PBXBuildFile; fileRef = 0324F75225CF67210029943C /* LaunchScreen.storyboard */; };
		0324F76625CF6C350029943C /* Main.swift in Sources */ = {isa = PBXBuildFile; fileRef = 0324F76525CF6C350029943C /* Main.swift */; };
		0324F76A25CF6D8F0029943C /* MandelbrotSceen.swift in Sources */ = {isa = PBXBuildFile; fileRef = 0324F76925CF6D8F0029943C /* MandelbrotSceen.swift */; };
		0339259D25D716E00056E84D /* Julia.swift in Sources */ = {isa = PBXBuildFile; fileRef = 0339259C25D716E00056E84D /* Julia.swift */; };
		033925A025D717DF0056E84D /* JuliaScreen.swift in Sources */ = {isa = PBXBuildFile; fileRef = 0339259F25D717DF0056E84D /* JuliaScreen.swift */; };
		03480E5725D2F3660088E5B1 /* MRButton.swift in Sources */ = {isa = PBXBuildFile; fileRef = 03480E5625D2F3660088E5B1 /* MRButton.swift */; };
		037B395725CF706D002F847B /* Mandelbrot.swift in Sources */ = {isa = PBXBuildFile; fileRef = 037B395625CF706D002F847B /* Mandelbrot.swift */; };
		0399A89F25D4568A0092F776 /* BaseMetalView.swift in Sources */ = {isa = PBXBuildFile; fileRef = 0399A89E25D4568A0092F776 /* BaseMetalView.swift */; };
		0399A8A325D460560092F776 /* Shaders.metal in Sources */ = {isa = PBXBuildFile; fileRef = 0399A8A225D460560092F776 /* Shaders.metal */; };
		03F7B9A025D9B3B2003B1DAA /* MRGamePad.swift in Sources */ = {isa = PBXBuildFile; fileRef = 03F7B99F25D9B3B2003B1DAA /* MRGamePad.swift */; };
		03F7B9A325D9B3C8003B1DAA /* MRGamePad.xib in Resources */ = {isa = PBXBuildFile; fileRef = 03F7B9A225D9B3C8003B1DAA /* MRGamePad.xib */; };
/* End PBXBuildFile section */

/* Begin PBXFileReference section */
		0324F74425CF671E0029943C /* Fractals.app */ = {isa = PBXFileReference; explicitFileType = wrapper.application; includeInIndex = 0; path = Fractals.app; sourceTree = BUILT_PRODUCTS_DIR; };
		0324F74725CF671E0029943C /* AppDelegate.swift */ = {isa = PBXFileReference; lastKnownFileType = sourcecode.swift; path = AppDelegate.swift; sourceTree = "<group>"; };
		0324F74925CF671E0029943C /* SceneDelegate.swift */ = {isa = PBXFileReference; lastKnownFileType = sourcecode.swift; path = SceneDelegate.swift; sourceTree = "<group>"; };
		0324F74E25CF671E0029943C /* Base */ = {isa = PBXFileReference; lastKnownFileType = file.storyboard; name = Base; path = Base.lproj/Main.storyboard; sourceTree = "<group>"; };
		0324F75025CF67210029943C /* Assets.xcassets */ = {isa = PBXFileReference; lastKnownFileType = folder.assetcatalog; path = Assets.xcassets; sourceTree = "<group>"; };
		0324F75325CF67210029943C /* Base */ = {isa = PBXFileReference; lastKnownFileType = file.storyboard; name = Base; path = Base.lproj/LaunchScreen.storyboard; sourceTree = "<group>"; };
		0324F75525CF67210029943C /* Info.plist */ = {isa = PBXFileReference; lastKnownFileType = text.plist.xml; path = Info.plist; sourceTree = "<group>"; };
		0324F76525CF6C350029943C /* Main.swift */ = {isa = PBXFileReference; lastKnownFileType = sourcecode.swift; path = Main.swift; sourceTree = "<group>"; };
		0324F76925CF6D8F0029943C /* MandelbrotSceen.swift */ = {isa = PBXFileReference; lastKnownFileType = sourcecode.swift; path = MandelbrotSceen.swift; sourceTree = "<group>"; };
		0339259C25D716E00056E84D /* Julia.swift */ = {isa = PBXFileReference; lastKnownFileType = sourcecode.swift; path = Julia.swift; sourceTree = "<group>"; };
		0339259F25D717DF0056E84D /* JuliaScreen.swift */ = {isa = PBXFileReference; lastKnownFileType = sourcecode.swift; path = JuliaScreen.swift; sourceTree = "<group>"; };
		03480E5625D2F3660088E5B1 /* MRButton.swift */ = {isa = PBXFileReference; lastKnownFileType = sourcecode.swift; path = MRButton.swift; sourceTree = "<group>"; };
		037B395625CF706D002F847B /* Mandelbrot.swift */ = {isa = PBXFileReference; lastKnownFileType = sourcecode.swift; path = Mandelbrot.swift; sourceTree = "<group>"; };
		0399A89E25D4568A0092F776 /* BaseMetalView.swift */ = {isa = PBXFileReference; lastKnownFileType = sourcecode.swift; path = BaseMetalView.swift; sourceTree = "<group>"; };
		0399A8A225D460560092F776 /* Shaders.metal */ = {isa = PBXFileReference; fileEncoding = 4; lastKnownFileType = sourcecode.metal; path = Shaders.metal; sourceTree = "<group>"; };
		03F7B99F25D9B3B2003B1DAA /* MRGamePad.swift */ = {isa = PBXFileReference; lastKnownFileType = sourcecode.swift; path = MRGamePad.swift; sourceTree = "<group>"; };
		03F7B9A225D9B3C8003B1DAA /* MRGamePad.xib */ = {isa = PBXFileReference; lastKnownFileType = file.xib; path = MRGamePad.xib; sourceTree = "<group>"; };
/* End PBXFileReference section */

/* Begin PBXFrameworksBuildPhase section */
		0324F74125CF671E0029943C /* Frameworks */ = {
			isa = PBXFrameworksBuildPhase;
			buildActionMask = 2147483647;
			files = (
			);
			runOnlyForDeploymentPostprocessing = 0;
		};
/* End PBXFrameworksBuildPhase section */

/* Begin PBXGroup section */
		0324F73B25CF671E0029943C = {
			isa = PBXGroup;
			children = (
				0324F74625CF671E0029943C /* Fractals */,
				0324F74525CF671E0029943C /* Products */,
			);
			sourceTree = "<group>";
		};
		0324F74525CF671E0029943C /* Products */ = {
			isa = PBXGroup;
			children = (
				0324F74425CF671E0029943C /* Fractals.app */,
			);
			name = Products;
			sourceTree = "<group>";
		};
		0324F74625CF671E0029943C /* Fractals */ = {
			isa = PBXGroup;
			children = (
				0324F76C25CF6DAD0029943C /* Controls */,
				0324F76325CF6BEA0029943C /* Common */,
				0324F76225CF6BE00029943C /* Views */,
				0324F75025CF67210029943C /* Assets.xcassets */,
				0324F75525CF67210029943C /* Info.plist */,
			);
			path = Fractals;
			sourceTree = "<group>";
		};
		0324F76225CF6BE00029943C /* Views */ = {
			isa = PBXGroup;
			children = (
				0324F76925CF6D8F0029943C /* MandelbrotSceen.swift */,
				0339259F25D717DF0056E84D /* JuliaScreen.swift */,
				0324F76525CF6C350029943C /* Main.swift */,
			);
			path = Views;
			sourceTree = "<group>";
		};
		0324F76325CF6BEA0029943C /* Common */ = {
			isa = PBXGroup;
			children = (
				0324F74725CF671E0029943C /* AppDelegate.swift */,
				0324F74925CF671E0029943C /* SceneDelegate.swift */,
				0324F75225CF67210029943C /* LaunchScreen.storyboard */,
				0324F74D25CF671E0029943C /* Main.storyboard */,
			);
			path = Common;
			sourceTree = "<group>";
		};
		0324F76C25CF6DAD0029943C /* Controls */ = {
			isa = PBXGroup;
			children = (
				0399A89D25D456540092F776 /* Metal */,
				03480E5525D2F3420088E5B1 /* UserInterface */,
				037B395625CF706D002F847B /* Mandelbrot.swift */,
				0339259C25D716E00056E84D /* Julia.swift */,
			);
			path = Controls;
			sourceTree = "<group>";
		};
		03480E5525D2F3420088E5B1 /* UserInterface */ = {
			isa = PBXGroup;
			children = (
				03F7B99E25D9B377003B1DAA /* MRGamePad */,
				03480E5625D2F3660088E5B1 /* MRButton.swift */,
			);
			path = UserInterface;
			sourceTree = "<group>";
		};
		0399A89D25D456540092F776 /* Metal */ = {
			isa = PBXGroup;
			children = (
				0399A89E25D4568A0092F776 /* BaseMetalView.swift */,
				0399A8A225D460560092F776 /* Shaders.metal */,
			);
			path = Metal;
			sourceTree = "<group>";
		};
		03F7B99E25D9B377003B1DAA /* MRGamePad */ = {
			isa = PBXGroup;
			children = (
				03F7B99F25D9B3B2003B1DAA /* MRGamePad.swift */,
				03F7B9A225D9B3C8003B1DAA /* MRGamePad.xib */,
			);
			path = MRGamePad;
			sourceTree = "<group>";
		};
/* End PBXGroup section */

/* Begin PBXNativeTarget section */
		0324F74325CF671E0029943C /* Fractals */ = {
			isa = PBXNativeTarget;
			buildConfigurationList = 0324F75825CF67210029943C /* Build configuration list for PBXNativeTarget "Fractals" */;
			buildPhases = (
				0324F74025CF671E0029943C /* Sources */,
				0324F74125CF671E0029943C /* Frameworks */,
				0324F74225CF671E0029943C /* Resources */,
			);
			buildRules = (
			);
			dependencies = (
			);
			name = Fractals;
			productName = Fractals;
			productReference = 0324F74425CF671E0029943C /* Fractals.app */;
			productType = "com.apple.product-type.application";
		};
/* End PBXNativeTarget section */

/* Begin PBXProject section */
		0324F73C25CF671E0029943C /* Project object */ = {
			isa = PBXProject;
			attributes = {
				LastSwiftUpdateCheck = 1240;
				LastUpgradeCheck = 1240;
				TargetAttributes = {
					0324F74325CF671E0029943C = {
						CreatedOnToolsVersion = 12.4;
					};
				};
			};
			buildConfigurationList = 0324F73F25CF671E0029943C /* Build configuration list for PBXProject "Fractals" */;
			compatibilityVersion = "Xcode 9.3";
			developmentRegion = en;
			hasScannedForEncodings = 0;
			knownRegions = (
				en,
				Base,
			);
			mainGroup = 0324F73B25CF671E0029943C;
			productRefGroup = 0324F74525CF671E0029943C /* Products */;
			projectDirPath = "";
			projectRoot = "";
			targets = (
				0324F74325CF671E0029943C /* Fractals */,
			);
		};
/* End PBXProject section */

/* Begin PBXResourcesBuildPhase section */
		0324F74225CF671E0029943C /* Resources */ = {
			isa = PBXResourcesBuildPhase;
			buildActionMask = 2147483647;
			files = (
				03F7B9A325D9B3C8003B1DAA /* MRGamePad.xib in Resources */,
				0324F75425CF67210029943C /* LaunchScreen.storyboard in Resources */,
				0324F75125CF67210029943C /* Assets.xcassets in Resources */,
				0324F74F25CF671E0029943C /* Main.storyboard in Resources */,
			);
			runOnlyForDeploymentPostprocessing = 0;
		};
/* End PBXResourcesBuildPhase section */

/* Begin PBXSourcesBuildPhase section */
		0324F74025CF671E0029943C /* Sources */ = {
			isa = PBXSourcesBuildPhase;
			buildActionMask = 2147483647;
			files = (
				0324F74825CF671E0029943C /* AppDelegate.swift in Sources */,
				033925A025D717DF0056E84D /* JuliaScreen.swift in Sources */,
				0324F76625CF6C350029943C /* Main.swift in Sources */,
				03F7B9A025D9B3B2003B1DAA /* MRGamePad.swift in Sources */,
				0324F74A25CF671E0029943C /* SceneDelegate.swift in Sources */,
				0324F76A25CF6D8F0029943C /* MandelbrotSceen.swift in Sources */,
				037B395725CF706D002F847B /* Mandelbrot.swift in Sources */,
				0339259D25D716E00056E84D /* Julia.swift in Sources */,
				0399A8A325D460560092F776 /* Shaders.metal in Sources */,
				03480E5725D2F3660088E5B1 /* MRButton.swift in Sources */,
				0399A89F25D4568A0092F776 /* BaseMetalView.swift in Sources */,
			);
			runOnlyForDeploymentPostprocessing = 0;
		};
/* End PBXSourcesBuildPhase section */

/* Begin PBXVariantGroup section */
		0324F74D25CF671E0029943C /* Main.storyboard */ = {
			isa = PBXVariantGroup;
			children = (
				0324F74E25CF671E0029943C /* Base */,
			);
			name = Main.storyboard;
			sourceTree = "<group>";
		};
		0324F75225CF67210029943C /* LaunchScreen.storyboard */ = {
			isa = PBXVariantGroup;
			children = (
				0324F75325CF67210029943C /* Base */,
			);
			name = LaunchScreen.storyboard;
			sourceTree = "<group>";
		};
/* End PBXVariantGroup section */

/* Begin XCBuildConfiguration section */
		0324F75625CF67210029943C /* Debug */ = {
			isa = XCBuildConfiguration;
			buildSettings = {
				ALWAYS_SEARCH_USER_PATHS = NO;
				CLANG_ANALYZER_NONNULL = YES;
				CLANG_ANALYZER_NUMBER_OBJECT_CONVERSION = YES_AGGRESSIVE;
				CLANG_CXX_LANGUAGE_STANDARD = "gnu++14";
				CLANG_CXX_LIBRARY = "libc++";
				CLANG_ENABLE_MODULES = YES;
				CLANG_ENABLE_OBJC_ARC = YES;
				CLANG_ENABLE_OBJC_WEAK = YES;
				CLANG_WARN_BLOCK_CAPTURE_AUTORELEASING = YES;
				CLANG_WARN_BOOL_CONVERSION = YES;
				CLANG_WARN_COMMA = YES;
				CLANG_WARN_CONSTANT_CONVERSION = YES;
				CLANG_WARN_DEPRECATED_OBJC_IMPLEMENTATIONS = YES;
				CLANG_WARN_DIRECT_OBJC_ISA_USAGE = YES_ERROR;
				CLANG_WARN_DOCUMENTATION_COMMENTS = YES;
				CLANG_WARN_EMPTY_BODY = YES;
				CLANG_WARN_ENUM_CONVERSION = YES;
				CLANG_WARN_INFINITE_RECURSION = YES;
				CLANG_WARN_INT_CONVERSION = YES;
				CLANG_WARN_NON_LITERAL_NULL_CONVERSION = YES;
				CLANG_WARN_OBJC_IMPLICIT_RETAIN_SELF = YES;
				CLANG_WARN_OBJC_LITERAL_CONVERSION = YES;
				CLANG_WARN_OBJC_ROOT_CLASS = YES_ERROR;
				CLANG_WARN_QUOTED_INCLUDE_IN_FRAMEWORK_HEADER = YES;
				CLANG_WARN_RANGE_LOOP_ANALYSIS = YES;
				CLANG_WARN_STRICT_PROTOTYPES = YES;
				CLANG_WARN_SUSPICIOUS_MOVE = YES;
				CLANG_WARN_UNGUARDED_AVAILABILITY = YES_AGGRESSIVE;
				CLANG_WARN_UNREACHABLE_CODE = YES;
				CLANG_WARN__DUPLICATE_METHOD_MATCH = YES;
				COPY_PHASE_STRIP = NO;
				DEBUG_INFORMATION_FORMAT = dwarf;
				ENABLE_STRICT_OBJC_MSGSEND = YES;
				ENABLE_TESTABILITY = YES;
				GCC_C_LANGUAGE_STANDARD = gnu11;
				GCC_DYNAMIC_NO_PIC = NO;
				GCC_NO_COMMON_BLOCKS = YES;
				GCC_OPTIMIZATION_LEVEL = 0;
				GCC_PREPROCESSOR_DEFINITIONS = (
					"DEBUG=1",
					"$(inherited)",
				);
				GCC_WARN_64_TO_32_BIT_CONVERSION = YES;
				GCC_WARN_ABOUT_RETURN_TYPE = YES_ERROR;
				GCC_WARN_UNDECLARED_SELECTOR = YES;
				GCC_WARN_UNINITIALIZED_AUTOS = YES_AGGRESSIVE;
				GCC_WARN_UNUSED_FUNCTION = YES;
				GCC_WARN_UNUSED_VARIABLE = YES;
				IPHONEOS_DEPLOYMENT_TARGET = 13.0;
				MTL_ENABLE_DEBUG_INFO = INCLUDE_SOURCE;
				MTL_FAST_MATH = YES;
				ONLY_ACTIVE_ARCH = YES;
				SDKROOT = iphoneos;
				SWIFT_ACTIVE_COMPILATION_CONDITIONS = DEBUG;
				SWIFT_OPTIMIZATION_LEVEL = "-Onone";
			};
			name = Debug;
		};
		0324F75725CF67210029943C /* Release */ = {
			isa = XCBuildConfiguration;
			buildSettings = {
				ALWAYS_SEARCH_USER_PATHS = NO;
				CLANG_ANALYZER_NONNULL = YES;
				CLANG_ANALYZER_NUMBER_OBJECT_CONVERSION = YES_AGGRESSIVE;
				CLANG_CXX_LANGUAGE_STANDARD = "gnu++14";
				CLANG_CXX_LIBRARY = "libc++";
				CLANG_ENABLE_MODULES = YES;
				CLANG_ENABLE_OBJC_ARC = YES;
				CLANG_ENABLE_OBJC_WEAK = YES;
				CLANG_WARN_BLOCK_CAPTURE_AUTORELEASING = YES;
				CLANG_WARN_BOOL_CONVERSION = YES;
				CLANG_WARN_COMMA = YES;
				CLANG_WARN_CONSTANT_CONVERSION = YES;
				CLANG_WARN_DEPRECATED_OBJC_IMPLEMENTATIONS = YES;
				CLANG_WARN_DIRECT_OBJC_ISA_USAGE = YES_ERROR;
				CLANG_WARN_DOCUMENTATION_COMMENTS = YES;
				CLANG_WARN_EMPTY_BODY = YES;
				CLANG_WARN_ENUM_CONVERSION = YES;
				CLANG_WARN_INFINITE_RECURSION = YES;
				CLANG_WARN_INT_CONVERSION = YES;
				CLANG_WARN_NON_LITERAL_NULL_CONVERSION = YES;
				CLANG_WARN_OBJC_IMPLICIT_RETAIN_SELF = YES;
				CLANG_WARN_OBJC_LITERAL_CONVERSION = YES;
				CLANG_WARN_OBJC_ROOT_CLASS = YES_ERROR;
				CLANG_WARN_QUOTED_INCLUDE_IN_FRAMEWORK_HEADER = YES;
				CLANG_WARN_RANGE_LOOP_ANALYSIS = YES;
				CLANG_WARN_STRICT_PROTOTYPES = YES;
				CLANG_WARN_SUSPICIOUS_MOVE = YES;
				CLANG_WARN_UNGUARDED_AVAILABILITY = YES_AGGRESSIVE;
				CLANG_WARN_UNREACHABLE_CODE = YES;
				CLANG_WARN__DUPLICATE_METHOD_MATCH = YES;
				COPY_PHASE_STRIP = NO;
				DEBUG_INFORMATION_FORMAT = "dwarf-with-dsym";
				ENABLE_NS_ASSERTIONS = NO;
				ENABLE_STRICT_OBJC_MSGSEND = YES;
				GCC_C_LANGUAGE_STANDARD = gnu11;
				GCC_NO_COMMON_BLOCKS = YES;
				GCC_WARN_64_TO_32_BIT_CONVERSION = YES;
				GCC_WARN_ABOUT_RETURN_TYPE = YES_ERROR;
				GCC_WARN_UNDECLARED_SELECTOR = YES;
				GCC_WARN_UNINITIALIZED_AUTOS = YES_AGGRESSIVE;
				GCC_WARN_UNUSED_FUNCTION = YES;
				GCC_WARN_UNUSED_VARIABLE = YES;
				IPHONEOS_DEPLOYMENT_TARGET = 13.0;
				MTL_ENABLE_DEBUG_INFO = NO;
				MTL_FAST_MATH = YES;
				SDKROOT = iphoneos;
				SWIFT_COMPILATION_MODE = wholemodule;
				SWIFT_OPTIMIZATION_LEVEL = "-O";
				VALIDATE_PRODUCT = YES;
			};
			name = Release;
		};
		0324F75925CF67210029943C /* Debug */ = {
			isa = XCBuildConfiguration;
			buildSettings = {
				ASSETCATALOG_COMPILER_APPICON_NAME = AppIcon;
				ASSETCATALOG_COMPILER_GLOBAL_ACCENT_COLOR_NAME = AccentColor;
				CODE_SIGN_STYLE = Automatic;
				DEVELOPMENT_TEAM = V7U54V7WA8;
				INFOPLIST_FILE = Fractals/Info.plist;
				LD_RUNPATH_SEARCH_PATHS = (
					"$(inherited)",
					"@executable_path/Frameworks",
				);
				PRODUCT_BUNDLE_IDENTIFIER = com.MetallicRain.Fractals;
				PRODUCT_NAME = "$(TARGET_NAME)";
				SWIFT_VERSION = 5.0;
				TARGETED_DEVICE_FAMILY = "1,2";
			};
			name = Debug;
		};
		0324F75A25CF67210029943C /* Release */ = {
			isa = XCBuildConfiguration;
			buildSettings = {
				ASSETCATALOG_COMPILER_APPICON_NAME = AppIcon;
				ASSETCATALOG_COMPILER_GLOBAL_ACCENT_COLOR_NAME = AccentColor;
				CODE_SIGN_STYLE = Automatic;
				DEVELOPMENT_TEAM = V7U54V7WA8;
				INFOPLIST_FILE = Fractals/Info.plist;
				LD_RUNPATH_SEARCH_PATHS = (
					"$(inherited)",
					"@executable_path/Frameworks",
				);
				PRODUCT_BUNDLE_IDENTIFIER = com.MetallicRain.Fractals;
				PRODUCT_NAME = "$(TARGET_NAME)";
				SWIFT_VERSION = 5.0;
				TARGETED_DEVICE_FAMILY = "1,2";
			};
			name = Release;
		};
/* End XCBuildConfiguration section */

/* Begin XCConfigurationList section */
		0324F73F25CF671E0029943C /* Build configuration list for PBXProject "Fractals" */ = {
			isa = XCConfigurationList;
			buildConfigurations = (
				0324F75625CF67210029943C /* Debug */,
				0324F75725CF67210029943C /* Release */,
			);
			defaultConfigurationIsVisible = 0;
			defaultConfigurationName = Release;
		};
		0324F75825CF67210029943C /* Build configuration list for PBXNativeTarget "Fractals" */ = {
			isa = XCConfigurationList;
			buildConfigurations = (
				0324F75925CF67210029943C /* Debug */,
				0324F75A25CF67210029943C /* Release */,
			);
			defaultConfigurationIsVisible = 0;
			defaultConfigurationName = Release;
		};
/* End XCConfigurationList section */
	};
	rootObject = 0324F73C25CF671E0029943C /* Project object */;
}
